// !$*UTF8*$!
{
	archiveVersion = 1;
	classes = {
	};
	objectVersion = 46;
	objects = {

/* Begin PBXBuildFile section */
		562244491CCDA59E004A45D6 /* Datos.swift in Sources */ = {isa = PBXBuildFile; fileRef = 562244481CCDA59E004A45D6 /* Datos.swift */; };
		5622444B1CCDB7F1004A45D6 /* RutaViewController.swift in Sources */ = {isa = PBXBuildFile; fileRef = 5622444A1CCDB7F1004A45D6 /* RutaViewController.swift */; };
		5622444D1CCDD571004A45D6 /* RutaTableViewCell.swift in Sources */ = {isa = PBXBuildFile; fileRef = 5622444C1CCDD571004A45D6 /* RutaTableViewCell.swift */; };
		5622444F1CCDDA59004A45D6 /* RutasTableViewController.swift in Sources */ = {isa = PBXBuildFile; fileRef = 5622444E1CCDDA59004A45D6 /* RutasTableViewController.swift */; };
		568F12151CCD0BBD00050A46 /* AppDelegate.swift in Sources */ = {isa = PBXBuildFile; fileRef = 568F12141CCD0BBD00050A46 /* AppDelegate.swift */; };
		568F12171CCD0BBD00050A46 /* ViewController.swift in Sources */ = {isa = PBXBuildFile; fileRef = 568F12161CCD0BBD00050A46 /* ViewController.swift */; };
		568F121A1CCD0BBD00050A46 /* Main.storyboard in Resources */ = {isa = PBXBuildFile; fileRef = 568F12181CCD0BBD00050A46 /* Main.storyboard */; };
		568F121C1CCD0BBD00050A46 /* Assets.xcassets in Resources */ = {isa = PBXBuildFile; fileRef = 568F121B1CCD0BBD00050A46 /* Assets.xcassets */; };
		568F121F1CCD0BBD00050A46 /* LaunchScreen.storyboard in Resources */ = {isa = PBXBuildFile; fileRef = 568F121D1CCD0BBD00050A46 /* LaunchScreen.storyboard */; };
		568F12241CCD0BBD00050A46 /* DeViaje WatchKit App.app in Embed Watch Content */ = {isa = PBXBuildFile; fileRef = 568F12231CCD0BBD00050A46 /* DeViaje WatchKit App.app */; };
		568F122A1CCD0BBD00050A46 /* Interface.storyboard in Resources */ = {isa = PBXBuildFile; fileRef = 568F12281CCD0BBD00050A46 /* Interface.storyboard */; };
		568F122C1CCD0BBD00050A46 /* Assets.xcassets in Resources */ = {isa = PBXBuildFile; fileRef = 568F122B1CCD0BBD00050A46 /* Assets.xcassets */; };
		568F12331CCD0BBD00050A46 /* DeViaje WatchKit Extension.appex in Embed App Extensions */ = {isa = PBXBuildFile; fileRef = 568F12321CCD0BBD00050A46 /* DeViaje WatchKit Extension.appex */; settings = {ATTRIBUTES = (RemoveHeadersOnCopy, ); }; };
		568F123A1CCD0BBD00050A46 /* InterfaceController.swift in Sources */ = {isa = PBXBuildFile; fileRef = 568F12391CCD0BBD00050A46 /* InterfaceController.swift */; };
		568F123C1CCD0BBD00050A46 /* ExtensionDelegate.swift in Sources */ = {isa = PBXBuildFile; fileRef = 568F123B1CCD0BBD00050A46 /* ExtensionDelegate.swift */; };
		568F123E1CCD0BBD00050A46 /* NotificationController.swift in Sources */ = {isa = PBXBuildFile; fileRef = 568F123D1CCD0BBD00050A46 /* NotificationController.swift */; };
		568F12401CCD0BBD00050A46 /* Assets.xcassets in Resources */ = {isa = PBXBuildFile; fileRef = 568F123F1CCD0BBD00050A46 /* Assets.xcassets */; };
		568F12521CCD431A00050A46 /* MapViewController.swift in Sources */ = {isa = PBXBuildFile; fileRef = 568F12511CCD431A00050A46 /* MapViewController.swift */; };
		568F12541CCD6AF400050A46 /* QRViewController.swift in Sources */ = {isa = PBXBuildFile; fileRef = 568F12531CCD6AF400050A46 /* QRViewController.swift */; };
		568F12561CCD6B8C00050A46 /* BrowserViewController.swift in Sources */ = {isa = PBXBuildFile; fileRef = 568F12551CCD6B8C00050A46 /* BrowserViewController.swift */; };
		568F12581CCD73A600050A46 /* NavigationViewController.swift in Sources */ = {isa = PBXBuildFile; fileRef = 568F12571CCD73A600050A46 /* NavigationViewController.swift */; };
		56C33F751CCE69A000D92D13 /* LugarViewController.swift in Sources */ = {isa = PBXBuildFile; fileRef = 56C33F741CCE69A000D92D13 /* LugarViewController.swift */; };
		56C33F7B1CCE9A8400D92D13 /* Datos.swift in Sources */ = {isa = PBXBuildFile; fileRef = 562244481CCDA59E004A45D6 /* Datos.swift */; };
		56C33F7D1CCED6AF00D92D13 /* MapInterfaceController.swift in Sources */ = {isa = PBXBuildFile; fileRef = 56C33F7C1CCED6AF00D92D13 /* MapInterfaceController.swift */; };
		56C33F7F1CCED87500D92D13 /* MapKit.framework in Frameworks */ = {isa = PBXBuildFile; fileRef = 56C33F7E1CCED87500D92D13 /* MapKit.framework */; };
/* End PBXBuildFile section */

/* Begin PBXContainerItemProxy section */
		568F12251CCD0BBD00050A46 /* PBXContainerItemProxy */ = {
			isa = PBXContainerItemProxy;
			containerPortal = 568F12091CCD0BBD00050A46 /* Project object */;
			proxyType = 1;
			remoteGlobalIDString = 568F12221CCD0BBD00050A46;
			remoteInfo = "DeViaje WatchKit App";
		};
		568F12341CCD0BBD00050A46 /* PBXContainerItemProxy */ = {
			isa = PBXContainerItemProxy;
			containerPortal = 568F12091CCD0BBD00050A46 /* Project object */;
			proxyType = 1;
			remoteGlobalIDString = 568F12311CCD0BBD00050A46;
			remoteInfo = "DeViaje WatchKit Extension";
		};
/* End PBXContainerItemProxy section */

/* Begin PBXCopyFilesBuildPhase section */
		568F12471CCD0BBD00050A46 /* Embed App Extensions */ = {
			isa = PBXCopyFilesBuildPhase;
			buildActionMask = 2147483647;
			dstPath = "";
			dstSubfolderSpec = 13;
			files = (
				568F12331CCD0BBD00050A46 /* DeViaje WatchKit Extension.appex in Embed App Extensions */,
			);
			name = "Embed App Extensions";
			runOnlyForDeploymentPostprocessing = 0;
		};
		568F124B1CCD0BBD00050A46 /* Embed Watch Content */ = {
			isa = PBXCopyFilesBuildPhase;
			buildActionMask = 2147483647;
			dstPath = "$(CONTENTS_FOLDER_PATH)/Watch";
			dstSubfolderSpec = 16;
			files = (
				568F12241CCD0BBD00050A46 /* DeViaje WatchKit App.app in Embed Watch Content */,
			);
			name = "Embed Watch Content";
			runOnlyForDeploymentPostprocessing = 0;
		};
/* End PBXCopyFilesBuildPhase section */

/* Begin PBXFileReference section */
		562244481CCDA59E004A45D6 /* Datos.swift */ = {isa = PBXFileReference; fileEncoding = 4; lastKnownFileType = sourcecode.swift; path = Datos.swift; sourceTree = "<group>"; };
		5622444A1CCDB7F1004A45D6 /* RutaViewController.swift */ = {isa = PBXFileReference; fileEncoding = 4; lastKnownFileType = sourcecode.swift; path = RutaViewController.swift; sourceTree = "<group>"; };
		5622444C1CCDD571004A45D6 /* RutaTableViewCell.swift */ = {isa = PBXFileReference; fileEncoding = 4; lastKnownFileType = sourcecode.swift; path = RutaTableViewCell.swift; sourceTree = "<group>"; };
		5622444E1CCDDA59004A45D6 /* RutasTableViewController.swift */ = {isa = PBXFileReference; fileEncoding = 4; lastKnownFileType = sourcecode.swift; path = RutasTableViewController.swift; sourceTree = "<group>"; };
		568F12111CCD0BBD00050A46 /* DeViaje.app */ = {isa = PBXFileReference; explicitFileType = wrapper.application; includeInIndex = 0; path = DeViaje.app; sourceTree = BUILT_PRODUCTS_DIR; };
		568F12141CCD0BBD00050A46 /* AppDelegate.swift */ = {isa = PBXFileReference; lastKnownFileType = sourcecode.swift; path = AppDelegate.swift; sourceTree = "<group>"; };
		568F12161CCD0BBD00050A46 /* ViewController.swift */ = {isa = PBXFileReference; lastKnownFileType = sourcecode.swift; path = ViewController.swift; sourceTree = "<group>"; };
		568F12191CCD0BBD00050A46 /* Base */ = {isa = PBXFileReference; lastKnownFileType = file.storyboard; name = Base; path = Base.lproj/Main.storyboard; sourceTree = "<group>"; };
		568F121B1CCD0BBD00050A46 /* Assets.xcassets */ = {isa = PBXFileReference; lastKnownFileType = folder.assetcatalog; path = Assets.xcassets; sourceTree = "<group>"; };
		568F121E1CCD0BBD00050A46 /* Base */ = {isa = PBXFileReference; lastKnownFileType = file.storyboard; name = Base; path = Base.lproj/LaunchScreen.storyboard; sourceTree = "<group>"; };
		568F12201CCD0BBD00050A46 /* Info.plist */ = {isa = PBXFileReference; lastKnownFileType = text.plist.xml; path = Info.plist; sourceTree = "<group>"; };
		568F12231CCD0BBD00050A46 /* DeViaje WatchKit App.app */ = {isa = PBXFileReference; explicitFileType = wrapper.application; includeInIndex = 0; path = "DeViaje WatchKit App.app"; sourceTree = BUILT_PRODUCTS_DIR; };
		568F12291CCD0BBD00050A46 /* Base */ = {isa = PBXFileReference; lastKnownFileType = file.storyboard; name = Base; path = Base.lproj/Interface.storyboard; sourceTree = "<group>"; };
		568F122B1CCD0BBD00050A46 /* Assets.xcassets */ = {isa = PBXFileReference; lastKnownFileType = folder.assetcatalog; path = Assets.xcassets; sourceTree = "<group>"; };
		568F122D1CCD0BBD00050A46 /* Info.plist */ = {isa = PBXFileReference; lastKnownFileType = text.plist.xml; path = Info.plist; sourceTree = "<group>"; };
		568F12321CCD0BBD00050A46 /* DeViaje WatchKit Extension.appex */ = {isa = PBXFileReference; explicitFileType = "wrapper.app-extension"; includeInIndex = 0; path = "DeViaje WatchKit Extension.appex"; sourceTree = BUILT_PRODUCTS_DIR; };
		568F12381CCD0BBD00050A46 /* PushNotificationPayload.apns */ = {isa = PBXFileReference; lastKnownFileType = text; path = PushNotificationPayload.apns; sourceTree = "<group>"; };
		568F12391CCD0BBD00050A46 /* InterfaceController.swift */ = {isa = PBXFileReference; lastKnownFileType = sourcecode.swift; path = InterfaceController.swift; sourceTree = "<group>"; };
		568F123B1CCD0BBD00050A46 /* ExtensionDelegate.swift */ = {isa = PBXFileReference; lastKnownFileType = sourcecode.swift; path = ExtensionDelegate.swift; sourceTree = "<group>"; };
		568F123D1CCD0BBD00050A46 /* NotificationController.swift */ = {isa = PBXFileReference; lastKnownFileType = sourcecode.swift; path = NotificationController.swift; sourceTree = "<group>"; };
		568F123F1CCD0BBD00050A46 /* Assets.xcassets */ = {isa = PBXFileReference; lastKnownFileType = folder.assetcatalog; path = Assets.xcassets; sourceTree = "<group>"; };
		568F12411CCD0BBD00050A46 /* Info.plist */ = {isa = PBXFileReference; lastKnownFileType = text.plist.xml; path = Info.plist; sourceTree = "<group>"; };
		568F12511CCD431A00050A46 /* MapViewController.swift */ = {isa = PBXFileReference; fileEncoding = 4; lastKnownFileType = sourcecode.swift; path = MapViewController.swift; sourceTree = "<group>"; };
		568F12531CCD6AF400050A46 /* QRViewController.swift */ = {isa = PBXFileReference; fileEncoding = 4; lastKnownFileType = sourcecode.swift; path = QRViewController.swift; sourceTree = "<group>"; };
		568F12551CCD6B8C00050A46 /* BrowserViewController.swift */ = {isa = PBXFileReference; fileEncoding = 4; lastKnownFileType = sourcecode.swift; path = BrowserViewController.swift; sourceTree = "<group>"; };
		568F12571CCD73A600050A46 /* NavigationViewController.swift */ = {isa = PBXFileReference; fileEncoding = 4; lastKnownFileType = sourcecode.swift; path = NavigationViewController.swift; sourceTree = "<group>"; };
		56C33F741CCE69A000D92D13 /* LugarViewController.swift */ = {isa = PBXFileReference; fileEncoding = 4; lastKnownFileType = sourcecode.swift; path = LugarViewController.swift; sourceTree = "<group>"; };
		56C33F761CCE8E6F00D92D13 /* DeViaje.entitlements */ = {isa = PBXFileReference; lastKnownFileType = text.xml; path = DeViaje.entitlements; sourceTree = "<group>"; };
		56C33F771CCE911000D92D13 /* DeViaje WatchKit Extension.entitlements */ = {isa = PBXFileReference; lastKnownFileType = text.xml; path = "DeViaje WatchKit Extension.entitlements"; sourceTree = "<group>"; };
		56C33F7A1CCE91EE00D92D13 /* DeViaje WatchKit App.entitlements */ = {isa = PBXFileReference; lastKnownFileType = text.xml; path = "DeViaje WatchKit App.entitlements"; sourceTree = "<group>"; };
		56C33F7C1CCED6AF00D92D13 /* MapInterfaceController.swift */ = {isa = PBXFileReference; fileEncoding = 4; lastKnownFileType = sourcecode.swift; path = MapInterfaceController.swift; sourceTree = "<group>"; };
		56C33F7E1CCED87500D92D13 /* MapKit.framework */ = {isa = PBXFileReference; lastKnownFileType = wrapper.framework; name = MapKit.framework; path = Platforms/WatchOS.platform/Developer/SDKs/WatchOS2.2.sdk/System/Library/Frameworks/MapKit.framework; sourceTree = DEVELOPER_DIR; };
/* End PBXFileReference section */

/* Begin PBXFrameworksBuildPhase section */
		568F120E1CCD0BBD00050A46 /* Frameworks */ = {
			isa = PBXFrameworksBuildPhase;
			buildActionMask = 2147483647;
			files = (
			);
			runOnlyForDeploymentPostprocessing = 0;
		};
		568F122F1CCD0BBD00050A46 /* Frameworks */ = {
			isa = PBXFrameworksBuildPhase;
			buildActionMask = 2147483647;
			files = (
				56C33F7F1CCED87500D92D13 /* MapKit.framework in Frameworks */,
			);
			runOnlyForDeploymentPostprocessing = 0;
		};
/* End PBXFrameworksBuildPhase section */

/* Begin PBXGroup section */
		568F12081CCD0BBD00050A46 = {
			isa = PBXGroup;
			children = (
				56C33F7E1CCED87500D92D13 /* MapKit.framework */,
				568F12131CCD0BBD00050A46 /* DeViaje */,
				568F12271CCD0BBD00050A46 /* DeViaje WatchKit App */,
				568F12361CCD0BBD00050A46 /* DeViaje WatchKit Extension */,
				568F12121CCD0BBD00050A46 /* Products */,
			);
			sourceTree = "<group>";
		};
		568F12121CCD0BBD00050A46 /* Products */ = {
			isa = PBXGroup;
			children = (
				568F12111CCD0BBD00050A46 /* DeViaje.app */,
				568F12231CCD0BBD00050A46 /* DeViaje WatchKit App.app */,
				568F12321CCD0BBD00050A46 /* DeViaje WatchKit Extension.appex */,
			);
			name = Products;
			sourceTree = "<group>";
		};
		568F12131CCD0BBD00050A46 /* DeViaje */ = {
			isa = PBXGroup;
			children = (
				56C33F761CCE8E6F00D92D13 /* DeViaje.entitlements */,
				568F12141CCD0BBD00050A46 /* AppDelegate.swift */,
				568F12161CCD0BBD00050A46 /* ViewController.swift */,
				568F12181CCD0BBD00050A46 /* Main.storyboard */,
				568F121B1CCD0BBD00050A46 /* Assets.xcassets */,
				568F121D1CCD0BBD00050A46 /* LaunchScreen.storyboard */,
				568F12201CCD0BBD00050A46 /* Info.plist */,
				568F12511CCD431A00050A46 /* MapViewController.swift */,
				568F12531CCD6AF400050A46 /* QRViewController.swift */,
				568F12551CCD6B8C00050A46 /* BrowserViewController.swift */,
				568F12571CCD73A600050A46 /* NavigationViewController.swift */,
				562244481CCDA59E004A45D6 /* Datos.swift */,
				5622444A1CCDB7F1004A45D6 /* RutaViewController.swift */,
				5622444C1CCDD571004A45D6 /* RutaTableViewCell.swift */,
				5622444E1CCDDA59004A45D6 /* RutasTableViewController.swift */,
				56C33F741CCE69A000D92D13 /* LugarViewController.swift */,
			);
			path = DeViaje;
			sourceTree = "<group>";
		};
		568F12271CCD0BBD00050A46 /* DeViaje WatchKit App */ = {
			isa = PBXGroup;
			children = (
				56C33F7A1CCE91EE00D92D13 /* DeViaje WatchKit App.entitlements */,
				568F12281CCD0BBD00050A46 /* Interface.storyboard */,
				568F122B1CCD0BBD00050A46 /* Assets.xcassets */,
				568F122D1CCD0BBD00050A46 /* Info.plist */,
			);
			path = "DeViaje WatchKit App";
			sourceTree = "<group>";
		};
		568F12361CCD0BBD00050A46 /* DeViaje WatchKit Extension */ = {
			isa = PBXGroup;
			children = (
				56C33F771CCE911000D92D13 /* DeViaje WatchKit Extension.entitlements */,
				568F12391CCD0BBD00050A46 /* InterfaceController.swift */,
				56C33F7C1CCED6AF00D92D13 /* MapInterfaceController.swift */,
				568F123B1CCD0BBD00050A46 /* ExtensionDelegate.swift */,
				568F123D1CCD0BBD00050A46 /* NotificationController.swift */,
				568F123F1CCD0BBD00050A46 /* Assets.xcassets */,
				568F12411CCD0BBD00050A46 /* Info.plist */,
				568F12371CCD0BBD00050A46 /* Supporting Files */,
			);
			path = "DeViaje WatchKit Extension";
			sourceTree = "<group>";
		};
		568F12371CCD0BBD00050A46 /* Supporting Files */ = {
			isa = PBXGroup;
			children = (
				568F12381CCD0BBD00050A46 /* PushNotificationPayload.apns */,
			);
			name = "Supporting Files";
			sourceTree = "<group>";
		};
/* End PBXGroup section */

/* Begin PBXNativeTarget section */
		568F12101CCD0BBD00050A46 /* DeViaje */ = {
			isa = PBXNativeTarget;
			buildConfigurationList = 568F124C1CCD0BBD00050A46 /* Build configuration list for PBXNativeTarget "DeViaje" */;
			buildPhases = (
				568F120D1CCD0BBD00050A46 /* Sources */,
				568F120E1CCD0BBD00050A46 /* Frameworks */,
				568F120F1CCD0BBD00050A46 /* Resources */,
				568F124B1CCD0BBD00050A46 /* Embed Watch Content */,
			);
			buildRules = (
			);
			dependencies = (
				568F12261CCD0BBD00050A46 /* PBXTargetDependency */,
			);
			name = DeViaje;
			productName = DeViaje;
			productReference = 568F12111CCD0BBD00050A46 /* DeViaje.app */;
			productType = "com.apple.product-type.application";
		};
		568F12221CCD0BBD00050A46 /* DeViaje WatchKit App */ = {
			isa = PBXNativeTarget;
			buildConfigurationList = 568F12481CCD0BBD00050A46 /* Build configuration list for PBXNativeTarget "DeViaje WatchKit App" */;
			buildPhases = (
				568F12211CCD0BBD00050A46 /* Resources */,
				568F12471CCD0BBD00050A46 /* Embed App Extensions */,
			);
			buildRules = (
			);
			dependencies = (
				568F12351CCD0BBD00050A46 /* PBXTargetDependency */,
			);
			name = "DeViaje WatchKit App";
			productName = "DeViaje WatchKit App";
			productReference = 568F12231CCD0BBD00050A46 /* DeViaje WatchKit App.app */;
			productType = "com.apple.product-type.application.watchapp2";
		};
		568F12311CCD0BBD00050A46 /* DeViaje WatchKit Extension */ = {
			isa = PBXNativeTarget;
			buildConfigurationList = 568F12441CCD0BBD00050A46 /* Build configuration list for PBXNativeTarget "DeViaje WatchKit Extension" */;
			buildPhases = (
				568F122E1CCD0BBD00050A46 /* Sources */,
				568F122F1CCD0BBD00050A46 /* Frameworks */,
				568F12301CCD0BBD00050A46 /* Resources */,
			);
			buildRules = (
			);
			dependencies = (
			);
			name = "DeViaje WatchKit Extension";
			productName = "DeViaje WatchKit Extension";
			productReference = 568F12321CCD0BBD00050A46 /* DeViaje WatchKit Extension.appex */;
			productType = "com.apple.product-type.watchkit2-extension";
		};
/* End PBXNativeTarget section */

/* Begin PBXProject section */
		568F12091CCD0BBD00050A46 /* Project object */ = {
			isa = PBXProject;
			attributes = {
				LastSwiftUpdateCheck = 0720;
				LastUpgradeCheck = 0720;
				ORGANIZATIONNAME = "Gerardo Guerra Pulido";
				TargetAttributes = {
					568F12101CCD0BBD00050A46 = {
						CreatedOnToolsVersion = 7.2;
						DevelopmentTeam = 59BP8U82B7;
						SystemCapabilities = {
							com.apple.ApplicationGroups.iOS = {
								enabled = 0;
							};
						};
					};
					568F12221CCD0BBD00050A46 = {
						CreatedOnToolsVersion = 7.2;
						DevelopmentTeam = 59BP8U82B7;
						SystemCapabilities = {
							com.apple.ApplicationGroups.iOS = {
								enabled = 0;
							};
						};
					};
					568F12311CCD0BBD00050A46 = {
						CreatedOnToolsVersion = 7.2;
						DevelopmentTeam = 59BP8U82B7;
						SystemCapabilities = {
							com.apple.ApplicationGroups.iOS = {
								enabled = 0;
							};
							com.apple.Maps.iOS = {
								enabled = 1;
							};
						};
					};
				};
			};
			buildConfigurationList = 568F120C1CCD0BBD00050A46 /* Build configuration list for PBXProject "DeViaje" */;
			compatibilityVersion = "Xcode 3.2";
			developmentRegion = English;
			hasScannedForEncodings = 0;
			knownRegions = (
				en,
				Base,
			);
			mainGroup = 568F12081CCD0BBD00050A46;
			productRefGroup = 568F12121CCD0BBD00050A46 /* Products */;
			projectDirPath = "";
			projectRoot = "";
			targets = (
				568F12101CCD0BBD00050A46 /* DeViaje */,
				568F12221CCD0BBD00050A46 /* DeViaje WatchKit App */,
				568F12311CCD0BBD00050A46 /* DeViaje WatchKit Extension */,
			);
		};
/* End PBXProject section */

/* Begin PBXResourcesBuildPhase section */
		568F120F1CCD0BBD00050A46 /* Resources */ = {
			isa = PBXResourcesBuildPhase;
			buildActionMask = 2147483647;
			files = (
				568F121F1CCD0BBD00050A46 /* LaunchScreen.storyboard in Resources */,
				568F121C1CCD0BBD00050A46 /* Assets.xcassets in Resources */,
				568F121A1CCD0BBD00050A46 /* Main.storyboard in Resources */,
			);
			runOnlyForDeploymentPostprocessing = 0;
		};
		568F12211CCD0BBD00050A46 /* Resources */ = {
			isa = PBXResourcesBuildPhase;
			buildActionMask = 2147483647;
			files = (
				568F122C1CCD0BBD00050A46 /* Assets.xcassets in Resources */,
				568F122A1CCD0BBD00050A46 /* Interface.storyboard in Resources */,
			);
			runOnlyForDeploymentPostprocessing = 0;
		};
		568F12301CCD0BBD00050A46 /* Resources */ = {
			isa = PBXResourcesBuildPhase;
			buildActionMask = 2147483647;
			files = (
				568F12401CCD0BBD00050A46 /* Assets.xcassets in Resources */,
			);
			runOnlyForDeploymentPostprocessing = 0;
		};
/* End PBXResourcesBuildPhase section */

/* Begin PBXSourcesBuildPhase section */
		568F120D1CCD0BBD00050A46 /* Sources */ = {
			isa = PBXSourcesBuildPhase;
			buildActionMask = 2147483647;
			files = (
				568F12581CCD73A600050A46 /* NavigationViewController.swift in Sources */,
				56C33F751CCE69A000D92D13 /* LugarViewController.swift in Sources */,
				568F12171CCD0BBD00050A46 /* ViewController.swift in Sources */,
				5622444D1CCDD571004A45D6 /* RutaTableViewCell.swift in Sources */,
				568F12521CCD431A00050A46 /* MapViewController.swift in Sources */,
				568F12561CCD6B8C00050A46 /* BrowserViewController.swift in Sources */,
				5622444F1CCDDA59004A45D6 /* RutasTableViewController.swift in Sources */,
				562244491CCDA59E004A45D6 /* Datos.swift in Sources */,
				568F12151CCD0BBD00050A46 /* AppDelegate.swift in Sources */,
				5622444B1CCDB7F1004A45D6 /* RutaViewController.swift in Sources */,
				568F12541CCD6AF400050A46 /* QRViewController.swift in Sources */,
			);
			runOnlyForDeploymentPostprocessing = 0;
		};
		568F122E1CCD0BBD00050A46 /* Sources */ = {
			isa = PBXSourcesBuildPhase;
			buildActionMask = 2147483647;
			files = (
				568F123E1CCD0BBD00050A46 /* NotificationController.swift in Sources */,
				56C33F7D1CCED6AF00D92D13 /* MapInterfaceController.swift in Sources */,
				56C33F7B1CCE9A8400D92D13 /* Datos.swift in Sources */,
				568F123C1CCD0BBD00050A46 /* ExtensionDelegate.swift in Sources */,
				568F123A1CCD0BBD00050A46 /* InterfaceController.swift in Sources */,
			);
			runOnlyForDeploymentPostprocessing = 0;
		};
/* End PBXSourcesBuildPhase section */

/* Begin PBXTargetDependency section */
		568F12261CCD0BBD00050A46 /* PBXTargetDependency */ = {
			isa = PBXTargetDependency;
			target = 568F12221CCD0BBD00050A46 /* DeViaje WatchKit App */;
			targetProxy = 568F12251CCD0BBD00050A46 /* PBXContainerItemProxy */;
		};
		568F12351CCD0BBD00050A46 /* PBXTargetDependency */ = {
			isa = PBXTargetDependency;
			target = 568F12311CCD0BBD00050A46 /* DeViaje WatchKit Extension */;
			targetProxy = 568F12341CCD0BBD00050A46 /* PBXContainerItemProxy */;
		};
/* End PBXTargetDependency section */

/* Begin PBXVariantGroup section */
		568F12181CCD0BBD00050A46 /* Main.storyboard */ = {
			isa = PBXVariantGroup;
			children = (
				568F12191CCD0BBD00050A46 /* Base */,
			);
			name = Main.storyboard;
			sourceTree = "<group>";
		};
		568F121D1CCD0BBD00050A46 /* LaunchScreen.storyboard */ = {
			isa = PBXVariantGroup;
			children = (
				568F121E1CCD0BBD00050A46 /* Base */,
			);
			name = LaunchScreen.storyboard;
			sourceTree = "<group>";
		};
		568F12281CCD0BBD00050A46 /* Interface.storyboard */ = {
			isa = PBXVariantGroup;
			children = (
				568F12291CCD0BBD00050A46 /* Base */,
			);
			name = Interface.storyboard;
			sourceTree = "<group>";
		};
/* End PBXVariantGroup section */

/* Begin XCBuildConfiguration section */
		568F12421CCD0BBD00050A46 /* Debug */ = {
			isa = XCBuildConfiguration;
			buildSettings = {
				ALWAYS_SEARCH_USER_PATHS = NO;
				CLANG_CXX_LANGUAGE_STANDARD = "gnu++0x";
				CLANG_CXX_LIBRARY = "libc++";
				CLANG_ENABLE_MODULES = YES;
				CLANG_ENABLE_OBJC_ARC = YES;
				CLANG_WARN_BOOL_CONVERSION = YES;
				CLANG_WARN_CONSTANT_CONVERSION = YES;
				CLANG_WARN_DIRECT_OBJC_ISA_USAGE = YES_ERROR;
				CLANG_WARN_EMPTY_BODY = YES;
				CLANG_WARN_ENUM_CONVERSION = YES;
				CLANG_WARN_INT_CONVERSION = YES;
				CLANG_WARN_OBJC_ROOT_CLASS = YES_ERROR;
				CLANG_WARN_UNREACHABLE_CODE = YES;
				CLANG_WARN__DUPLICATE_METHOD_MATCH = YES;
				"CODE_SIGN_IDENTITY[sdk=iphoneos*]" = "iPhone Developer";
				COPY_PHASE_STRIP = NO;
				DEBUG_INFORMATION_FORMAT = dwarf;
				ENABLE_STRICT_OBJC_MSGSEND = YES;
				ENABLE_TESTABILITY = YES;
				GCC_C_LANGUAGE_STANDARD = gnu99;
				GCC_DYNAMIC_NO_PIC = NO;
				GCC_NO_COMMON_BLOCKS = YES;
				GCC_OPTIMIZATION_LEVEL = 0;
				GCC_PREPROCESSOR_DEFINITIONS = (
					"DEBUG=1",
					"$(inherited)",
				);
				GCC_WARN_64_TO_32_BIT_CONVERSION = YES;
				GCC_WARN_ABOUT_RETURN_TYPE = YES_ERROR;
				GCC_WARN_UNDECLARED_SELECTOR = YES;
				GCC_WARN_UNINITIALIZED_AUTOS = YES_AGGRESSIVE;
				GCC_WARN_UNUSED_FUNCTION = YES;
				GCC_WARN_UNUSED_VARIABLE = YES;
				IPHONEOS_DEPLOYMENT_TARGET = 9.3;
				MTL_ENABLE_DEBUG_INFO = YES;
				ONLY_ACTIVE_ARCH = YES;
				SDKROOT = iphoneos;
				SWIFT_OPTIMIZATION_LEVEL = "-Onone";
				TARGETED_DEVICE_FAMILY = "1,2";
			};
			name = Debug;
		};
		568F12431CCD0BBD00050A46 /* Release */ = {
			isa = XCBuildConfiguration;
			buildSettings = {
				ALWAYS_SEARCH_USER_PATHS = NO;
				CLANG_CXX_LANGUAGE_STANDARD = "gnu++0x";
				CLANG_CXX_LIBRARY = "libc++";
				CLANG_ENABLE_MODULES = YES;
				CLANG_ENABLE_OBJC_ARC = YES;
				CLANG_WARN_BOOL_CONVERSION = YES;
				CLANG_WARN_CONSTANT_CONVERSION = YES;
				CLANG_WARN_DIRECT_OBJC_ISA_USAGE = YES_ERROR;
				CLANG_WARN_EMPTY_BODY = YES;
				CLANG_WARN_ENUM_CONVERSION = YES;
				CLANG_WARN_INT_CONVERSION = YES;
				CLANG_WARN_OBJC_ROOT_CLASS = YES_ERROR;
				CLANG_WARN_UNREACHABLE_CODE = YES;
				CLANG_WARN__DUPLICATE_METHOD_MATCH = YES;
				"CODE_SIGN_IDENTITY[sdk=iphoneos*]" = "iPhone Developer";
				COPY_PHASE_STRIP = NO;
				DEBUG_INFORMATION_FORMAT = "dwarf-with-dsym";
				ENABLE_NS_ASSERTIONS = NO;
				ENABLE_STRICT_OBJC_MSGSEND = YES;
				GCC_C_LANGUAGE_STANDARD = gnu99;
				GCC_NO_COMMON_BLOCKS = YES;
				GCC_WARN_64_TO_32_BIT_CONVERSION = YES;
				GCC_WARN_ABOUT_RETURN_TYPE = YES_ERROR;
				GCC_WARN_UNDECLARED_SELECTOR = YES;
				GCC_WARN_UNINITIALIZED_AUTOS = YES_AGGRESSIVE;
				GCC_WARN_UNUSED_FUNCTION = YES;
				GCC_WARN_UNUSED_VARIABLE = YES;
				IPHONEOS_DEPLOYMENT_TARGET = 9.3;
				MTL_ENABLE_DEBUG_INFO = NO;
				SDKROOT = iphoneos;
				TARGETED_DEVICE_FAMILY = "1,2";
				VALIDATE_PRODUCT = YES;
			};
			name = Release;
		};
		568F12451CCD0BBD00050A46 /* Debug */ = {
			isa = XCBuildConfiguration;
			buildSettings = {
				CODE_SIGN_IDENTITY = "iPhone Developer";
				"CODE_SIGN_IDENTITY[sdk=watchos*]" = "iPhone Developer";
				INFOPLIST_FILE = "DeViaje WatchKit Extension/Info.plist";
				LD_RUNPATH_SEARCH_PATHS = "$(inherited) @executable_path/Frameworks @executable_path/../../Frameworks";
				PRODUCT_BUNDLE_IDENTIFIER = mx.itesm.DeViaje.watchkitapp.watchkitextension;
				PRODUCT_NAME = "${TARGET_NAME}";
				PROVISIONING_PROFILE = "";
				SDKROOT = watchos;
				SKIP_INSTALL = YES;
				TARGETED_DEVICE_FAMILY = 4;
				WATCHOS_DEPLOYMENT_TARGET = 2.1;
			};
			name = Debug;
		};
		568F12461CCD0BBD00050A46 /* Release */ = {
			isa = XCBuildConfiguration;
			buildSettings = {
				CODE_SIGN_IDENTITY = "iPhone Developer";
				"CODE_SIGN_IDENTITY[sdk=watchos*]" = "iPhone Developer";
				INFOPLIST_FILE = "DeViaje WatchKit Extension/Info.plist";
				LD_RUNPATH_SEARCH_PATHS = "$(inherited) @executable_path/Frameworks @executable_path/../../Frameworks";
				PRODUCT_BUNDLE_IDENTIFIER = mx.itesm.DeViaje.watchkitapp.watchkitextension;
				PRODUCT_NAME = "${TARGET_NAME}";
				PROVISIONING_PROFILE = "";
				SDKROOT = watchos;
				SKIP_INSTALL = YES;
				TARGETED_DEVICE_FAMILY = 4;
				WATCHOS_DEPLOYMENT_TARGET = 2.1;
			};
			name = Release;
		};
		568F12491CCD0BBD00050A46 /* Debug */ = {
			isa = XCBuildConfiguration;
			buildSettings = {
				ASSETCATALOG_COMPILER_APPICON_NAME = AppIcon;
				CODE_SIGN_IDENTITY = "iPhone Developer";
				"CODE_SIGN_IDENTITY[sdk=watchos*]" = "iPhone Developer";
				EMBEDDED_CONTENT_CONTAINS_SWIFT = YES;
				IBSC_MODULE = DeViaje_WatchKit_Extension;
				INFOPLIST_FILE = "DeViaje WatchKit App/Info.plist";
				PRODUCT_BUNDLE_IDENTIFIER = mx.itesm.DeViaje.watchkitapp;
				PRODUCT_NAME = "$(TARGET_NAME)";
				PROVISIONING_PROFILE = "";
				SDKROOT = watchos;
				SKIP_INSTALL = YES;
				TARGETED_DEVICE_FAMILY = 4;
				WATCHOS_DEPLOYMENT_TARGET = 2.1;
			};
			name = Debug;
		};
		568F124A1CCD0BBD00050A46 /* Release */ = {
			isa = XCBuildConfiguration;
			buildSettings = {
				ASSETCATALOG_COMPILER_APPICON_NAME = AppIcon;
				CODE_SIGN_IDENTITY = "iPhone Developer";
				"CODE_SIGN_IDENTITY[sdk=watchos*]" = "iPhone Developer";
				EMBEDDED_CONTENT_CONTAINS_SWIFT = YES;
				IBSC_MODULE = DeViaje_WatchKit_Extension;
				INFOPLIST_FILE = "DeViaje WatchKit App/Info.plist";
				PRODUCT_BUNDLE_IDENTIFIER = mx.itesm.DeViaje.watchkitapp;
				PRODUCT_NAME = "$(TARGET_NAME)";
				PROVISIONING_PROFILE = "";
				SDKROOT = watchos;
				SKIP_INSTALL = YES;
				TARGETED_DEVICE_FAMILY = 4;
				WATCHOS_DEPLOYMENT_TARGET = 2.1;
			};
			name = Release;
		};
		568F124D1CCD0BBD00050A46 /* Debug */ = {
			isa = XCBuildConfiguration;
			buildSettings = {
				ASSETCATALOG_COMPILER_APPICON_NAME = AppIcon;
				CODE_SIGN_IDENTITY = "iPhone Developer";
				"CODE_SIGN_IDENTITY[sdk=iphoneos*]" = "iPhone Developer";
				INFOPLIST_FILE = DeViaje/Info.plist;
				LD_RUNPATH_SEARCH_PATHS = "$(inherited) @executable_path/Frameworks";
				PRODUCT_BUNDLE_IDENTIFIER = mx.itesm.DeViaje;
				PRODUCT_NAME = "$(TARGET_NAME)";
				PROVISIONING_PROFILE = "";
				SWIFT_OBJC_BRIDGING_HEADER = "";
			};
			name = Debug;
		};
		568F124E1CCD0BBD00050A46 /* Release */ = {
			isa = XCBuildConfiguration;
			buildSettings = {
				ASSETCATALOG_COMPILER_APPICON_NAME = AppIcon;
				CODE_SIGN_IDENTITY = "iPhone Developer";
				"CODE_SIGN_IDENTITY[sdk=iphoneos*]" = "iPhone Developer";
				INFOPLIST_FILE = DeViaje/Info.plist;
				LD_RUNPATH_SEARCH_PATHS = "$(inherited) @executable_path/Frameworks";
				PRODUCT_BUNDLE_IDENTIFIER = mx.itesm.DeViaje;
				PRODUCT_NAME = "$(TARGET_NAME)";
				PROVISIONING_PROFILE = "";
				SWIFT_OBJC_BRIDGING_HEADER = "";
			};
			name = Release;
		};
/* End XCBuildConfiguration section */

/* Begin XCConfigurationList section */
		568F120C1CCD0BBD00050A46 /* Build configuration list for PBXProject "DeViaje" */ = {
			isa = XCConfigurationList;
			buildConfigurations = (
				568F12421CCD0BBD00050A46 /* Debug */,
				568F12431CCD0BBD00050A46 /* Release */,
			);
			defaultConfigurationIsVisible = 0;
			defaultConfigurationName = Release;
		};
		568F12441CCD0BBD00050A46 /* Build configuration list for PBXNativeTarget "DeViaje WatchKit Extension" */ = {
			isa = XCConfigurationList;
			buildConfigurations = (
				568F12451CCD0BBD00050A46 /* Debug */,
				568F12461CCD0BBD00050A46 /* Release */,
			);
			defaultConfigurationIsVisible = 0;
			defaultConfigurationName = Release;
		};
		568F12481CCD0BBD00050A46 /* Build configuration list for PBXNativeTarget "DeViaje WatchKit App" */ = {
			isa = XCConfigurationList;
			buildConfigurations = (
				568F12491CCD0BBD00050A46 /* Debug */,
				568F124A1CCD0BBD00050A46 /* Release */,
			);
			defaultConfigurationIsVisible = 0;
			defaultConfigurationName = Release;
		};
		568F124C1CCD0BBD00050A46 /* Build configuration list for PBXNativeTarget "DeViaje" */ = {
			isa = XCConfigurationList;
			buildConfigurations = (
				568F124D1CCD0BBD00050A46 /* Debug */,
				568F124E1CCD0BBD00050A46 /* Release */,
			);
			defaultConfigurationIsVisible = 0;
			defaultConfigurationName = Release;
		};
/* End XCConfigurationList section */
	};
	rootObject = 568F12091CCD0BBD00050A46 /* Project object */;
}
